
Microsoft Visual Studio Solution File, Format Version 12.00
# Visual Studio Version 17
VisualStudioVersion = 17.4.33122.133
MinimumVisualStudioVersion = 10.0.40219.1
Project("{FAE04EC0-301F-11D3-BF4B-00C04F79EFBC}") = "MongoDbDemo", "MongoDbDemo\MongoDbDemo.csproj", "{D70E4451-65F2-4D24-A645-FCADB6D17357}"
EndProject
Project("{FAE04EC0-301F-11D3-BF4B-00C04F79EFBC}") = "DataAccess", "DataAcess\DataAccess.csproj", "{EEE674AD-A06A-498E-B101-99725923A9BC}"
EndProject
Project("{FAE04EC0-301F-11D3-BF4B-00C04F79EFBC}") = "GUICarDb", "GUICarDb\GUICarDb.csproj", "{A7D29F2A-7418-4B58-A408-809B5F850FB9}"
EndProject
Global
	GlobalSection(SolutionConfigurationPlatforms) = preSolution
		Debug|Any CPU = Debug|Any CPU
		Release|Any CPU = Release|Any CPU
	EndGlobalSection
	GlobalSection(ProjectConfigurationPlatforms) = postSolution
		{D70E4451-65F2-4D24-A645-FCADB6D17357}.Debug|Any CPU.ActiveCfg = Debug|Any CPU
		{D70E4451-65F2-4D24-A645-FCADB6D17357}.Debug|Any CPU.Build.0 = Debug|Any CPU
		{D70E4451-65F2-4D24-A645-FCADB6D17357}.Release|Any CPU.ActiveCfg = Release|Any CPU
		{D70E4451-65F2-4D24-A645-FCADB6D17357}.Release|Any CPU.Build.0 = Release|Any CPU
		{EEE674AD-A06A-498E-B101-99725923A9BC}.Debug|Any CPU.ActiveCfg = Debug|Any CPU
		{EEE674AD-A06A-498E-B101-99725923A9BC}.Debug|Any CPU.Build.0 = Debug|Any CPU
		{EEE674AD-A06A-498E-B101-99725923A9BC}.Release|Any CPU.ActiveCfg = Release|Any CPU
		{EEE674AD-A06A-498E-B101-99725923A9BC}.Release|Any CPU.Build.0 = Release|Any CPU
		{A7D29F2A-7418-4B58-A408-809B5F850FB9}.Debug|Any CPU.ActiveCfg = Debug|Any CPU
		{A7D29F2A-7418-4B58-A408-809B5F850FB9}.Debug|Any CPU.Build.0 = Debug|Any CPU
		{A7D29F2A-7418-4B58-A408-809B5F850FB9}.Release|Any CPU.ActiveCfg = Release|Any CPU
		{A7D29F2A-7418-4B58-A408-809B5F850FB9}.Release|Any CPU.Build.0 = Release|Any CPU
	EndGlobalSection
	GlobalSection(SolutionProperties) = preSolution
		HideSolutionNode = FALSE
	EndGlobalSection
	GlobalSection(ExtensibilityGlobals) = postSolution
		SolutionGuid = {67A671BC-77A3-4416-971C-C577D1D7BF96}
	EndGlobalSection
EndGlobal
